PODS:
  - Alamofire (4.8.2)
  - Kingfisher (4.10.1)
  - Moya (13.0.1):
    - Moya/Core (= 13.0.1)
  - Moya/Core (13.0.1):
    - Alamofire (~> 4.1)
    - Result (~> 4.1)
  - ObjectMapper (3.5.0)
  - Realm (3.20.0):
    - Realm/Headers (= 3.20.0)
  - Realm/Headers (3.20.0)
  - RealmSwift (3.20.0):
    - Realm (= 3.20.0)
  - Result (4.1.0)
  - RongCloudIM/IMKit (2.9.18):
    - RongCloudIM/IMLib
  - RongCloudIM/IMLib (2.9.18)
  - SnapKit (4.0.1)
  - SwiftProgressHUD (0.0.7)
  - SwiftyJSON (4.3.0)
  - YYCategories (1.0.4):
    - YYCategories/no-arc (= 1.0.4)
  - YYCategories/no-arc (1.0.4)
  - YYText (1.0.7)

DEPENDENCIES:
  - Kingfisher
  - Moya (~> 13.0)
  - ObjectMapper
  - RealmSwift (~> 3.20.0)
  - RongCloudIM/IMKit (~> 2.9.18)
  - RongCloudIM/IMLib (~> 2.9.18)
  - SnapKit (~> 4.0.0)
  - SwiftProgressHUD
  - SwiftyJSON (~> 4.0)
  - YYCategories
  - YYText

SPEC REPOS:
  https://github.com/CocoaPods/Specs.git:
    - Alamofire
    - Kingfisher
    - Moya
    - ObjectMapper
    - Result
    - RongCloudIM
    - SnapKit
    - SwiftProgressHUD
    - SwiftyJSON
    - YYCategories
    - YYText
  trunk:
    - Realm
    - RealmSwift

SPEC CHECKSUMS:
  Alamofire: ae5c501addb7afdbb13687d7f2f722c78734c2d3
  Kingfisher: c148cd7b47ebde9989f6bc7c27dcaa79d81279a0
  Moya: f4a4b80ff2f8a4ffc208dfb31cd91636622fee6e
  ObjectMapper: 078b564ed25c6578b62588e306bf1da3924636d4
  Realm: 8b2ca5bc6479a91f379b6b42b5922e396cd5ba5a
  RealmSwift: 1949ef26a279e1845bd51d591b9103adfcd121df
  Result: bd966fac789cc6c1563440b348ab2598cc24d5c7
  RongCloudIM: 827c498ea45c93b389b4b57ececc528f2601ee1e
  SnapKit: 0de968a9fec17499afa29683b05d0c775b6d1c29
  SwiftProgressHUD: 27d2a9fb4e9f356dbbbfd98477916652cc9b7ac1
  SwiftyJSON: 6faa0040f8b59dead0ee07436cbf76b73c08fd08
  YYCategories: 6bcd4314c6661a561410dce4a793379ebd306abd
  YYText: 5c461d709e24d55a182d1441c41dc639a18a4849

PODFILE CHECKSUM: 1354e02b5fbdf8d6b95a9eabec60089ca6923165

COCOAPODS: 1.11.2
