// !$*UTF8*$!
{
	archiveVersion = 1;
	classes = {
	};
	objectVersion = 50;
	objects = {

/* Begin PBXBuildFile section */
		2E93A7FF4507F3F8EDC9CEEA /* Pods_GMChat.framework in Frameworks */ = {isa = PBXBuildFile; fileRef = 962B0483A47257E7397F840A /* Pods_GMChat.framework */; };
		A6230FD322B73C2C00A5DD95 /* RowModel.swift in Sources */ = {isa = PBXBuildFile; fileRef = A6230FD122B73C2C00A5DD95 /* RowModel.swift */; };
		A6230FD422B73C2C00A5DD95 /* SectionModel.swift in Sources */ = {isa = PBXBuildFile; fileRef = A6230FD222B73C2C00A5DD95 /* SectionModel.swift */; };
		A6230FD922B7606200A5DD95 /* AddressBookList.geojson in Resources */ = {isa = PBXBuildFile; fileRef = A6230FD822B7606200A5DD95 /* AddressBookList.geojson */; };
		A6230FDD22B7791600A5DD95 /* ModelProtocol.swift in Sources */ = {isa = PBXBuildFile; fileRef = A6230FDC22B7791600A5DD95 /* ModelProtocol.swift */; };
		A6230FE022B7797400A5DD95 /* BookListModel.swift in Sources */ = {isa = PBXBuildFile; fileRef = A6230FDF22B7797400A5DD95 /* BookListModel.swift */; };
		A6230FE422B7900A00A5DD95 /* BookListCell.swift in Sources */ = {isa = PBXBuildFile; fileRef = A6230FE322B7900A00A5DD95 /* BookListCell.swift */; };
		A62403F822C06F4C00496D3A /* Network.swift in Sources */ = {isa = PBXBuildFile; fileRef = A62403F722C06F4C00496D3A /* Network.swift */; };
		A62403FA22C06F5D00496D3A /* Interface.swift in Sources */ = {isa = PBXBuildFile; fileRef = A62403F922C06F5D00496D3A /* Interface.swift */; };
		A624040622C0CE2A00496D3A /* LoginProvider.swift in Sources */ = {isa = PBXBuildFile; fileRef = A624040522C0CE2A00496D3A /* LoginProvider.swift */; };
		A624040A22C0D1F100496D3A /* Provider+Config.swift in Sources */ = {isa = PBXBuildFile; fileRef = A624040922C0D1F100496D3A /* Provider+Config.swift */; };
		A624040C22C0D31F00496D3A /* ThirdPartConfig.swift in Sources */ = {isa = PBXBuildFile; fileRef = A624040B22C0D31F00496D3A /* ThirdPartConfig.swift */; };
		A624040E22C0D55700496D3A /* Date+Extensions.swift in Sources */ = {isa = PBXBuildFile; fileRef = A624040D22C0D55700496D3A /* Date+Extensions.swift */; };
		A62FA82722DC30E200BDA3A2 /* EmojiKeyboardParser.swift in Sources */ = {isa = PBXBuildFile; fileRef = A62FA82622DC30E200BDA3A2 /* EmojiKeyboardParser.swift */; };
		A631783722C1B51F00EA8A73 /* LoginViewController.swift in Sources */ = {isa = PBXBuildFile; fileRef = A631783522C1B51F00EA8A73 /* LoginViewController.swift */; };
		A631783822C1B52000EA8A73 /* LoginViewController+Extension.swift in Sources */ = {isa = PBXBuildFile; fileRef = A631783622C1B51F00EA8A73 /* LoginViewController+Extension.swift */; };
		A631783A22C1B7A700EA8A73 /* Tools.swift in Sources */ = {isa = PBXBuildFile; fileRef = A631783922C1B7A700EA8A73 /* Tools.swift */; };
		A631783D22C1BCC500EA8A73 /* UserInfoRealm.swift in Sources */ = {isa = PBXBuildFile; fileRef = A631783C22C1BCC500EA8A73 /* UserInfoRealm.swift */; };
		A631784222C1F0D000EA8A73 /* UserInfo.swift in Sources */ = {isa = PBXBuildFile; fileRef = A631784122C1F0D000EA8A73 /* UserInfo.swift */; };
		A631784522C1FBA600EA8A73 /* UserInfoModel.swift in Sources */ = {isa = PBXBuildFile; fileRef = A631784422C1FBA600EA8A73 /* UserInfoModel.swift */; };
		A631784822C20CAC00EA8A73 /* PlaceHolderView.swift in Sources */ = {isa = PBXBuildFile; fileRef = A631784722C20CAC00EA8A73 /* PlaceHolderView.swift */; };
		A631784C22C2179400EA8A73 /* SessionDetailViewController.swift in Sources */ = {isa = PBXBuildFile; fileRef = A631784B22C2179400EA8A73 /* SessionDetailViewController.swift */; };
		A66C646322DC5931006AE547 /* YYSpriteSheetImage.m in Sources */ = {isa = PBXBuildFile; fileRef = A66C645C22DC5931006AE547 /* YYSpriteSheetImage.m */; };
		A66C646422DC5931006AE547 /* YYImage.m in Sources */ = {isa = PBXBuildFile; fileRef = A66C645E22DC5931006AE547 /* YYImage.m */; };
		A66C646522DC5931006AE547 /* YYImageCoder.m in Sources */ = {isa = PBXBuildFile; fileRef = A66C645F22DC5931006AE547 /* YYImageCoder.m */; };
		A66C646622DC5931006AE547 /* YYFrameImage.m in Sources */ = {isa = PBXBuildFile; fileRef = A66C646022DC5931006AE547 /* YYFrameImage.m */; };
		A66C646722DC5931006AE547 /* YYAnimatedImageView.m in Sources */ = {isa = PBXBuildFile; fileRef = A66C646122DC5931006AE547 /* YYAnimatedImageView.m */; };
		A66C646B22DC5D83006AE547 /* AtFriendsListViewController.swift in Sources */ = {isa = PBXBuildFile; fileRef = A66C646A22DC5D83006AE547 /* AtFriendsListViewController.swift */; };
		A66D6F7A22BCA9EF006F5B2C /* BookListIndexView.swift in Sources */ = {isa = PBXBuildFile; fileRef = A66D6F7922BCA9EF006F5B2C /* BookListIndexView.swift */; };
		A67F191522B34C3D007D20D4 /* AppDelegate.swift in Sources */ = {isa = PBXBuildFile; fileRef = A67F191422B34C3D007D20D4 /* AppDelegate.swift */; };
		A67F191722B34C3D007D20D4 /* ViewController.swift in Sources */ = {isa = PBXBuildFile; fileRef = A67F191622B34C3D007D20D4 /* ViewController.swift */; };
		A67F191A22B34C3E007D20D4 /* Main.storyboard in Resources */ = {isa = PBXBuildFile; fileRef = A67F191822B34C3E007D20D4 /* Main.storyboard */; };
		A67F191C22B34C40007D20D4 /* Assets.xcassets in Resources */ = {isa = PBXBuildFile; fileRef = A67F191B22B34C40007D20D4 /* Assets.xcassets */; };
		A67F191F22B34C40007D20D4 /* LaunchScreen.storyboard in Resources */ = {isa = PBXBuildFile; fileRef = A67F191D22B34C40007D20D4 /* LaunchScreen.storyboard */; };
		A67F192B22B34D91007D20D4 /* BaseViewController.swift in Sources */ = {isa = PBXBuildFile; fileRef = A67F192A22B34D91007D20D4 /* BaseViewController.swift */; };
		A67F192D22B34DB5007D20D4 /* BaseNavigationViewController.swift in Sources */ = {isa = PBXBuildFile; fileRef = A67F192C22B34DB5007D20D4 /* BaseNavigationViewController.swift */; };
		A67F193022B34E0F007D20D4 /* TabBarViewController.swift in Sources */ = {isa = PBXBuildFile; fileRef = A67F192F22B34E0F007D20D4 /* TabBarViewController.swift */; };
		A67F194122B355E9007D20D4 /* SessionListViewController.swift in Sources */ = {isa = PBXBuildFile; fileRef = A67F194022B355E9007D20D4 /* SessionListViewController.swift */; };
		A67F194722B356AA007D20D4 /* BookListViewController.swift in Sources */ = {isa = PBXBuildFile; fileRef = A67F194622B356AA007D20D4 /* BookListViewController.swift */; };
		A67F194922B356C6007D20D4 /* DynamicListViewController.swift in Sources */ = {isa = PBXBuildFile; fileRef = A67F194822B356C6007D20D4 /* DynamicListViewController.swift */; };
		A67F194B22B356EA007D20D4 /* MineMainPageViewController.swift in Sources */ = {isa = PBXBuildFile; fileRef = A67F194A22B356EA007D20D4 /* MineMainPageViewController.swift */; };
		A67F194E22B37842007D20D4 /* CommonDefine.swift in Sources */ = {isa = PBXBuildFile; fileRef = A67F194D22B37842007D20D4 /* CommonDefine.swift */; };
		A67F195322B37DE1007D20D4 /* UIColor+Extensions.swift in Sources */ = {isa = PBXBuildFile; fileRef = A67F195022B37DE1007D20D4 /* UIColor+Extensions.swift */; };
		A67F195422B37DE1007D20D4 /* UIImage+Extensions.swift in Sources */ = {isa = PBXBuildFile; fileRef = A67F195122B37DE1007D20D4 /* UIImage+Extensions.swift */; };
		A67F195522B37DE1007D20D4 /* NSString+Extensions.swift in Sources */ = {isa = PBXBuildFile; fileRef = A67F195222B37DE1007D20D4 /* NSString+Extensions.swift */; };
		A67F195722B38C87007D20D4 /* UIViewController+Extensions.swift in Sources */ = {isa = PBXBuildFile; fileRef = A67F195622B38C87007D20D4 /* UIViewController+Extensions.swift */; };
		A67F195922B38D99007D20D4 /* UIBarButtonItem+Extensions.swift in Sources */ = {isa = PBXBuildFile; fileRef = A67F195822B38D99007D20D4 /* UIBarButtonItem+Extensions.swift */; };
		A67F195B22B39786007D20D4 /* UIView+Extensions.swift in Sources */ = {isa = PBXBuildFile; fileRef = A67F195A22B39786007D20D4 /* UIView+Extensions.swift */; };
		A683790622BA3627008DCD40 /* SearchBar.swift in Sources */ = {isa = PBXBuildFile; fileRef = A683790522BA3627008DCD40 /* SearchBar.swift */; };
		A683790822BA3B36008DCD40 /* SearchPageViewController.swift in Sources */ = {isa = PBXBuildFile; fileRef = A683790722BA3B36008DCD40 /* SearchPageViewController.swift */; };
		A6860FD822D856C7007F57D5 /* EmojiKeyboardCell.swift in Sources */ = {isa = PBXBuildFile; fileRef = A6860FD722D856C7007F57D5 /* EmojiKeyboardCell.swift */; };
		A68D381222BB213800D317EE /* BookListService.swift in Sources */ = {isa = PBXBuildFile; fileRef = A68D381122BB213800D317EE /* BookListService.swift */; };
		A68D381822BB25CF00D317EE /* SearchPageSearchBarView.swift in Sources */ = {isa = PBXBuildFile; fileRef = A68D381722BB25CF00D317EE /* SearchPageSearchBarView.swift */; };
		A68E9B6922B8EC470029F547 /* BookListHeaderView.swift in Sources */ = {isa = PBXBuildFile; fileRef = A68E9B6822B8EC470029F547 /* BookListHeaderView.swift */; };
		A6983D0122C49E8F0042B591 /* RCIMDataSource.swift in Sources */ = {isa = PBXBuildFile; fileRef = A6983D0022C49E8F0042B591 /* RCIMDataSource.swift */; };
		A6983D0422C4A85A0042B591 /* MineMainPageNormalCell.swift in Sources */ = {isa = PBXBuildFile; fileRef = A6983D0322C4A85A0042B591 /* MineMainPageNormalCell.swift */; };
		A6983D0822C4B4590042B591 /* MineMainPageUserInfoView.swift in Sources */ = {isa = PBXBuildFile; fileRef = A6983D0722C4B4590042B591 /* MineMainPageUserInfoView.swift */; };
		A6983D0A22C4B9B20042B591 /* UIImageView+Extensions.swift in Sources */ = {isa = PBXBuildFile; fileRef = A6983D0922C4B9B20042B591 /* UIImageView+Extensions.swift */; };
		A69ABA7322C606CE00EA844C /* SearchResultCell.swift in Sources */ = {isa = PBXBuildFile; fileRef = A69ABA7222C606CE00EA844C /* SearchResultCell.swift */; };
		A69ABA7722C60D2D00EA844C /* SearchResultModel.swift in Sources */ = {isa = PBXBuildFile; fileRef = A69ABA7622C60D2D00EA844C /* SearchResultModel.swift */; };
		A6B0BCED22CF571200B9E52D /* PublishDynamicViewController.swift in Sources */ = {isa = PBXBuildFile; fileRef = A6B0BCEC22CF571200B9E52D /* PublishDynamicViewController.swift */; };
		A6B782B022D4A258007AD9BF /* EmojiKeyboardView.swift in Sources */ = {isa = PBXBuildFile; fileRef = A6B782AF22D4A258007AD9BF /* EmojiKeyboardView.swift */; };
		A6EAE90B22D3196100B3BD8E /* EmoticonQQ.bundle in Resources */ = {isa = PBXBuildFile; fileRef = A6EAE90A22D3196100B3BD8E /* EmoticonQQ.bundle */; };
		A6EAE91222D31A7900B3BD8E /* PublishDynamicToolBar.swift in Sources */ = {isa = PBXBuildFile; fileRef = A6EAE91122D31A7900B3BD8E /* PublishDynamicToolBar.swift */; };
/* End PBXBuildFile section */

/* Begin PBXFileReference section */
		962B0483A47257E7397F840A /* Pods_GMChat.framework */ = {isa = PBXFileReference; explicitFileType = wrapper.framework; includeInIndex = 0; path = Pods_GMChat.framework; sourceTree = BUILT_PRODUCTS_DIR; };
		A6230FD122B73C2C00A5DD95 /* RowModel.swift */ = {isa = PBXFileReference; fileEncoding = 4; lastKnownFileType = sourcecode.swift; path = RowModel.swift; sourceTree = "<group>"; };
		A6230FD222B73C2C00A5DD95 /* SectionModel.swift */ = {isa = PBXFileReference; fileEncoding = 4; lastKnownFileType = sourcecode.swift; path = SectionModel.swift; sourceTree = "<group>"; };
		A6230FD822B7606200A5DD95 /* AddressBookList.geojson */ = {isa = PBXFileReference; fileEncoding = 4; lastKnownFileType = text; path = AddressBookList.geojson; sourceTree = "<group>"; };
		A6230FDC22B7791600A5DD95 /* ModelProtocol.swift */ = {isa = PBXFileReference; lastKnownFileType = sourcecode.swift; path = ModelProtocol.swift; sourceTree = "<group>"; };
		A6230FDF22B7797400A5DD95 /* BookListModel.swift */ = {isa = PBXFileReference; lastKnownFileType = sourcecode.swift; path = BookListModel.swift; sourceTree = "<group>"; };
		A6230FE322B7900A00A5DD95 /* BookListCell.swift */ = {isa = PBXFileReference; lastKnownFileType = sourcecode.swift; path = BookListCell.swift; sourceTree = "<group>"; };
		A62403F222C064A700496D3A /* GMChat-Bridging-Header.h */ = {isa = PBXFileReference; lastKnownFileType = sourcecode.c.h; path = "GMChat-Bridging-Header.h"; sourceTree = "<group>"; };
		A62403F722C06F4C00496D3A /* Network.swift */ = {isa = PBXFileReference; lastKnownFileType = sourcecode.swift; path = Network.swift; sourceTree = "<group>"; };
		A62403F922C06F5D00496D3A /* Interface.swift */ = {isa = PBXFileReference; lastKnownFileType = sourcecode.swift; path = Interface.swift; sourceTree = "<group>"; };
		A624040522C0CE2A00496D3A /* LoginProvider.swift */ = {isa = PBXFileReference; lastKnownFileType = sourcecode.swift; path = LoginProvider.swift; sourceTree = "<group>"; };
		A624040922C0D1F100496D3A /* Provider+Config.swift */ = {isa = PBXFileReference; lastKnownFileType = sourcecode.swift; path = "Provider+Config.swift"; sourceTree = "<group>"; };
		A624040B22C0D31F00496D3A /* ThirdPartConfig.swift */ = {isa = PBXFileReference; lastKnownFileType = sourcecode.swift; path = ThirdPartConfig.swift; sourceTree = "<group>"; };
		A624040D22C0D55700496D3A /* Date+Extensions.swift */ = {isa = PBXFileReference; lastKnownFileType = sourcecode.swift; path = "Date+Extensions.swift"; sourceTree = "<group>"; };
		A62FA82622DC30E200BDA3A2 /* EmojiKeyboardParser.swift */ = {isa = PBXFileReference; lastKnownFileType = sourcecode.swift; path = EmojiKeyboardParser.swift; sourceTree = "<group>"; };
		A631783522C1B51F00EA8A73 /* LoginViewController.swift */ = {isa = PBXFileReference; fileEncoding = 4; lastKnownFileType = sourcecode.swift; path = LoginViewController.swift; sourceTree = "<group>"; };
		A631783622C1B51F00EA8A73 /* LoginViewController+Extension.swift */ = {isa = PBXFileReference; fileEncoding = 4; lastKnownFileType = sourcecode.swift; path = "LoginViewController+Extension.swift"; sourceTree = "<group>"; };
		A631783922C1B7A700EA8A73 /* Tools.swift */ = {isa = PBXFileReference; lastKnownFileType = sourcecode.swift; path = Tools.swift; sourceTree = "<group>"; };
		A631783C22C1BCC500EA8A73 /* UserInfoRealm.swift */ = {isa = PBXFileReference; lastKnownFileType = sourcecode.swift; path = UserInfoRealm.swift; sourceTree = "<group>"; };
		A631784122C1F0D000EA8A73 /* UserInfo.swift */ = {isa = PBXFileReference; lastKnownFileType = sourcecode.swift; path = UserInfo.swift; sourceTree = "<group>"; };
		A631784422C1FBA600EA8A73 /* UserInfoModel.swift */ = {isa = PBXFileReference; lastKnownFileType = sourcecode.swift; path = UserInfoModel.swift; sourceTree = "<group>"; };
		A631784722C20CAC00EA8A73 /* PlaceHolderView.swift */ = {isa = PBXFileReference; lastKnownFileType = sourcecode.swift; path = PlaceHolderView.swift; sourceTree = "<group>"; };
		A631784B22C2179400EA8A73 /* SessionDetailViewController.swift */ = {isa = PBXFileReference; lastKnownFileType = sourcecode.swift; path = SessionDetailViewController.swift; sourceTree = "<group>"; };
		A66C645922DC5931006AE547 /* YYImage.h */ = {isa = PBXFileReference; fileEncoding = 4; lastKnownFileType = sourcecode.c.h; path = YYImage.h; sourceTree = "<group>"; };
		A66C645A22DC5931006AE547 /* YYImageCoder.h */ = {isa = PBXFileReference; fileEncoding = 4; lastKnownFileType = sourcecode.c.h; path = YYImageCoder.h; sourceTree = "<group>"; };
		A66C645B22DC5931006AE547 /* YYFrameImage.h */ = {isa = PBXFileReference; fileEncoding = 4; lastKnownFileType = sourcecode.c.h; path = YYFrameImage.h; sourceTree = "<group>"; };
		A66C645C22DC5931006AE547 /* YYSpriteSheetImage.m */ = {isa = PBXFileReference; fileEncoding = 4; lastKnownFileType = sourcecode.c.objc; path = YYSpriteSheetImage.m; sourceTree = "<group>"; };
		A66C645D22DC5931006AE547 /* YYAnimatedImageView.h */ = {isa = PBXFileReference; fileEncoding = 4; lastKnownFileType = sourcecode.c.h; path = YYAnimatedImageView.h; sourceTree = "<group>"; };
		A66C645E22DC5931006AE547 /* YYImage.m */ = {isa = PBXFileReference; fileEncoding = 4; lastKnownFileType = sourcecode.c.objc; path = YYImage.m; sourceTree = "<group>"; };
		A66C645F22DC5931006AE547 /* YYImageCoder.m */ = {isa = PBXFileReference; fileEncoding = 4; lastKnownFileType = sourcecode.c.objc; path = YYImageCoder.m; sourceTree = "<group>"; };
		A66C646022DC5931006AE547 /* YYFrameImage.m */ = {isa = PBXFileReference; fileEncoding = 4; lastKnownFileType = sourcecode.c.objc; path = YYFrameImage.m; sourceTree = "<group>"; };
		A66C646122DC5931006AE547 /* YYAnimatedImageView.m */ = {isa = PBXFileReference; fileEncoding = 4; lastKnownFileType = sourcecode.c.objc; path = YYAnimatedImageView.m; sourceTree = "<group>"; };
		A66C646222DC5931006AE547 /* YYSpriteSheetImage.h */ = {isa = PBXFileReference; fileEncoding = 4; lastKnownFileType = sourcecode.c.h; path = YYSpriteSheetImage.h; sourceTree = "<group>"; };
		A66C646A22DC5D83006AE547 /* AtFriendsListViewController.swift */ = {isa = PBXFileReference; lastKnownFileType = sourcecode.swift; path = AtFriendsListViewController.swift; sourceTree = "<group>"; };
		A66D6F7922BCA9EF006F5B2C /* BookListIndexView.swift */ = {isa = PBXFileReference; lastKnownFileType = sourcecode.swift; path = BookListIndexView.swift; sourceTree = "<group>"; };
		A67F191122B34C3D007D20D4 /* GMChat.app */ = {isa = PBXFileReference; explicitFileType = wrapper.application; includeInIndex = 0; path = GMChat.app; sourceTree = BUILT_PRODUCTS_DIR; };
		A67F191422B34C3D007D20D4 /* AppDelegate.swift */ = {isa = PBXFileReference; lastKnownFileType = sourcecode.swift; path = AppDelegate.swift; sourceTree = "<group>"; };
		A67F191622B34C3D007D20D4 /* ViewController.swift */ = {isa = PBXFileReference; lastKnownFileType = sourcecode.swift; path = ViewController.swift; sourceTree = "<group>"; };
		A67F191922B34C3E007D20D4 /* Base */ = {isa = PBXFileReference; lastKnownFileType = file.storyboard; name = Base; path = Base.lproj/Main.storyboard; sourceTree = "<group>"; };
		A67F191B22B34C40007D20D4 /* Assets.xcassets */ = {isa = PBXFileReference; lastKnownFileType = folder.assetcatalog; path = Assets.xcassets; sourceTree = "<group>"; };
		A67F191E22B34C40007D20D4 /* Base */ = {isa = PBXFileReference; lastKnownFileType = file.storyboard; name = Base; path = Base.lproj/LaunchScreen.storyboard; sourceTree = "<group>"; };
		A67F192022B34C40007D20D4 /* Info.plist */ = {isa = PBXFileReference; lastKnownFileType = text.plist.xml; path = Info.plist; sourceTree = "<group>"; };
		A67F192A22B34D91007D20D4 /* BaseViewController.swift */ = {isa = PBXFileReference; lastKnownFileType = sourcecode.swift; path = BaseViewController.swift; sourceTree = "<group>"; };
		A67F192C22B34DB5007D20D4 /* BaseNavigationViewController.swift */ = {isa = PBXFileReference; lastKnownFileType = sourcecode.swift; path = BaseNavigationViewController.swift; sourceTree = "<group>"; };
		A67F192F22B34E0F007D20D4 /* TabBarViewController.swift */ = {isa = PBXFileReference; lastKnownFileType = sourcecode.swift; path = TabBarViewController.swift; sourceTree = "<group>"; };
		A67F194022B355E9007D20D4 /* SessionListViewController.swift */ = {isa = PBXFileReference; fileEncoding = 4; lastKnownFileType = sourcecode.swift; path = SessionListViewController.swift; sourceTree = "<group>"; };
		A67F194622B356AA007D20D4 /* BookListViewController.swift */ = {isa = PBXFileReference; lastKnownFileType = sourcecode.swift; path = BookListViewController.swift; sourceTree = "<group>"; };
		A67F194822B356C6007D20D4 /* DynamicListViewController.swift */ = {isa = PBXFileReference; lastKnownFileType = sourcecode.swift; path = DynamicListViewController.swift; sourceTree = "<group>"; };
		A67F194A22B356EA007D20D4 /* MineMainPageViewController.swift */ = {isa = PBXFileReference; lastKnownFileType = sourcecode.swift; path = MineMainPageViewController.swift; sourceTree = "<group>"; };
		A67F194D22B37842007D20D4 /* CommonDefine.swift */ = {isa = PBXFileReference; lastKnownFileType = sourcecode.swift; path = CommonDefine.swift; sourceTree = "<group>"; };
		A67F195022B37DE1007D20D4 /* UIColor+Extensions.swift */ = {isa = PBXFileReference; fileEncoding = 4; lastKnownFileType = sourcecode.swift; path = "UIColor+Extensions.swift"; sourceTree = "<group>"; };
		A67F195122B37DE1007D20D4 /* UIImage+Extensions.swift */ = {isa = PBXFileReference; fileEncoding = 4; lastKnownFileType = sourcecode.swift; path = "UIImage+Extensions.swift"; sourceTree = "<group>"; };
		A67F195222B37DE1007D20D4 /* NSString+Extensions.swift */ = {isa = PBXFileReference; fileEncoding = 4; lastKnownFileType = sourcecode.swift; path = "NSString+Extensions.swift"; sourceTree = "<group>"; };
		A67F195622B38C87007D20D4 /* UIViewController+Extensions.swift */ = {isa = PBXFileReference; lastKnownFileType = sourcecode.swift; path = "UIViewController+Extensions.swift"; sourceTree = "<group>"; };
		A67F195822B38D99007D20D4 /* UIBarButtonItem+Extensions.swift */ = {isa = PBXFileReference; lastKnownFileType = sourcecode.swift; path = "UIBarButtonItem+Extensions.swift"; sourceTree = "<group>"; };
		A67F195A22B39786007D20D4 /* UIView+Extensions.swift */ = {isa = PBXFileReference; lastKnownFileType = sourcecode.swift; path = "UIView+Extensions.swift"; sourceTree = "<group>"; };
		A683790522BA3627008DCD40 /* SearchBar.swift */ = {isa = PBXFileReference; lastKnownFileType = sourcecode.swift; path = SearchBar.swift; sourceTree = "<group>"; };
		A683790722BA3B36008DCD40 /* SearchPageViewController.swift */ = {isa = PBXFileReference; lastKnownFileType = sourcecode.swift; path = SearchPageViewController.swift; sourceTree = "<group>"; };
		A6860FD722D856C7007F57D5 /* EmojiKeyboardCell.swift */ = {isa = PBXFileReference; lastKnownFileType = sourcecode.swift; path = EmojiKeyboardCell.swift; sourceTree = "<group>"; };
		A68D381122BB213800D317EE /* BookListService.swift */ = {isa = PBXFileReference; lastKnownFileType = sourcecode.swift; path = BookListService.swift; sourceTree = "<group>"; };
		A68D381722BB25CF00D317EE /* SearchPageSearchBarView.swift */ = {isa = PBXFileReference; lastKnownFileType = sourcecode.swift; path = SearchPageSearchBarView.swift; sourceTree = "<group>"; };
		A68E9B6822B8EC470029F547 /* BookListHeaderView.swift */ = {isa = PBXFileReference; lastKnownFileType = sourcecode.swift; path = BookListHeaderView.swift; sourceTree = "<group>"; };
		A6983D0022C49E8F0042B591 /* RCIMDataSource.swift */ = {isa = PBXFileReference; lastKnownFileType = sourcecode.swift; path = RCIMDataSource.swift; sourceTree = "<group>"; };
		A6983D0322C4A85A0042B591 /* MineMainPageNormalCell.swift */ = {isa = PBXFileReference; lastKnownFileType = sourcecode.swift; path = MineMainPageNormalCell.swift; sourceTree = "<group>"; };
		A6983D0722C4B4590042B591 /* MineMainPageUserInfoView.swift */ = {isa = PBXFileReference; lastKnownFileType = sourcecode.swift; path = MineMainPageUserInfoView.swift; sourceTree = "<group>"; };
		A6983D0922C4B9B20042B591 /* UIImageView+Extensions.swift */ = {isa = PBXFileReference; lastKnownFileType = sourcecode.swift; path = "UIImageView+Extensions.swift"; sourceTree = "<group>"; };
		A69ABA7222C606CE00EA844C /* SearchResultCell.swift */ = {isa = PBXFileReference; lastKnownFileType = sourcecode.swift; path = SearchResultCell.swift; sourceTree = "<group>"; };
		A69ABA7622C60D2D00EA844C /* SearchResultModel.swift */ = {isa = PBXFileReference; lastKnownFileType = sourcecode.swift; path = SearchResultModel.swift; sourceTree = "<group>"; };
		A6B0BCEC22CF571200B9E52D /* PublishDynamicViewController.swift */ = {isa = PBXFileReference; lastKnownFileType = sourcecode.swift; path = PublishDynamicViewController.swift; sourceTree = "<group>"; };
		A6B782AF22D4A258007AD9BF /* EmojiKeyboardView.swift */ = {isa = PBXFileReference; lastKnownFileType = sourcecode.swift; path = EmojiKeyboardView.swift; sourceTree = "<group>"; };
		A6EAE90A22D3196100B3BD8E /* EmoticonQQ.bundle */ = {isa = PBXFileReference; lastKnownFileType = "wrapper.plug-in"; path = EmoticonQQ.bundle; sourceTree = "<group>"; };
		A6EAE91122D31A7900B3BD8E /* PublishDynamicToolBar.swift */ = {isa = PBXFileReference; lastKnownFileType = sourcecode.swift; path = PublishDynamicToolBar.swift; sourceTree = "<group>"; };
		CC9C0806FEC8FCF867EC6B38 /* Pods-GMChat.debug.xcconfig */ = {isa = PBXFileReference; includeInIndex = 1; lastKnownFileType = text.xcconfig; name = "Pods-GMChat.debug.xcconfig"; path = "Pods/Target Support Files/Pods-GMChat/Pods-GMChat.debug.xcconfig"; sourceTree = "<group>"; };
		F98D7EA5716AE7B126DB5379 /* Pods-GMChat.release.xcconfig */ = {isa = PBXFileReference; includeInIndex = 1; lastKnownFileType = text.xcconfig; name = "Pods-GMChat.release.xcconfig"; path = "Pods/Target Support Files/Pods-GMChat/Pods-GMChat.release.xcconfig"; sourceTree = "<group>"; };
/* End PBXFileReference section */

/* Begin PBXFrameworksBuildPhase section */
		A67F190E22B34C3D007D20D4 /* Frameworks */ = {
			isa = PBXFrameworksBuildPhase;
			buildActionMask = 2147483647;
			files = (
				2E93A7FF4507F3F8EDC9CEEA /* Pods_GMChat.framework in Frameworks */,
			);
			runOnlyForDeploymentPostprocessing = 0;
		};
/* End PBXFrameworksBuildPhase section */

/* Begin PBXGroup section */
		31BEE347C1984B1833D1B903 /* Frameworks */ = {
			isa = PBXGroup;
			children = (
				962B0483A47257E7397F840A /* Pods_GMChat.framework */,
			);
			name = Frameworks;
			sourceTree = "<group>";
		};
		9D97F019DD58EB0C35398FD5 /* Pods */ = {
			isa = PBXGroup;
			children = (
				CC9C0806FEC8FCF867EC6B38 /* Pods-GMChat.debug.xcconfig */,
				F98D7EA5716AE7B126DB5379 /* Pods-GMChat.release.xcconfig */,
			);
			name = Pods;
			sourceTree = "<group>";
		};
		A6230FD022B73C1800A5DD95 /* CellModel */ = {
			isa = PBXGroup;
			children = (
				A6230FD122B73C2C00A5DD95 /* RowModel.swift */,
				A6230FD222B73C2C00A5DD95 /* SectionModel.swift */,
			);
			path = CellModel;
			sourceTree = "<group>";
		};
		A6230FDE22B7793900A5DD95 /* Model */ = {
			isa = PBXGroup;
			children = (
				A6230FDF22B7797400A5DD95 /* BookListModel.swift */,
			);
			path = Model;
			sourceTree = "<group>";
		};
		A6230FE222B78FF100A5DD95 /* View */ = {
			isa = PBXGroup;
			children = (
				A6230FE322B7900A00A5DD95 /* BookListCell.swift */,
				A68E9B6822B8EC470029F547 /* BookListHeaderView.swift */,
				A66D6F7922BCA9EF006F5B2C /* BookListIndexView.swift */,
			);
			path = View;
			sourceTree = "<group>";
		};
		A62403F322C06DC800496D3A /* Login */ = {
			isa = PBXGroup;
			children = (
				A631784322C1FB7900EA8A73 /* Model */,
				A62403F522C06F0E00496D3A /* Service */,
				A631783322C1B4C700EA8A73 /* Controller */,
			);
			path = Login;
			sourceTree = "<group>";
		};
		A62403F522C06F0E00496D3A /* Service */ = {
			isa = PBXGroup;
			children = (
				A624040522C0CE2A00496D3A /* LoginProvider.swift */,
			);
			path = Service;
			sourceTree = "<group>";
		};
		A62403F622C06F2B00496D3A /* Network */ = {
			isa = PBXGroup;
			children = (
				A62403F922C06F5D00496D3A /* Interface.swift */,
				A62403F722C06F4C00496D3A /* Network.swift */,
				A624040922C0D1F100496D3A /* Provider+Config.swift */,
			);
			path = Network;
			sourceTree = "<group>";
		};
		A631783322C1B4C700EA8A73 /* Controller */ = {
			isa = PBXGroup;
			children = (
				A631783522C1B51F00EA8A73 /* LoginViewController.swift */,
				A631783622C1B51F00EA8A73 /* LoginViewController+Extension.swift */,
			);
			path = Controller;
			sourceTree = "<group>";
		};
		A631783B22C1BC0700EA8A73 /* Realm */ = {
			isa = PBXGroup;
			children = (
				A631783C22C1BCC500EA8A73 /* UserInfoRealm.swift */,
			);
			path = Realm;
			sourceTree = "<group>";
		};
		A631784022C1F09A00EA8A73 /* UserInfoData */ = {
			isa = PBXGroup;
			children = (
				A631784122C1F0D000EA8A73 /* UserInfo.swift */,
			);
			path = UserInfoData;
			sourceTree = "<group>";
		};
		A631784322C1FB7900EA8A73 /* Model */ = {
			isa = PBXGroup;
			children = (
				A631784422C1FBA600EA8A73 /* UserInfoModel.swift */,
			);
			path = Model;
			sourceTree = "<group>";
		};
		A631784622C20C6500EA8A73 /* PlaceHolderView */ = {
			isa = PBXGroup;
			children = (
				A631784722C20CAC00EA8A73 /* PlaceHolderView.swift */,
			);
			path = PlaceHolderView;
			sourceTree = "<group>";
		};
		A631784922C2174D00EA8A73 /* SessionDetail */ = {
			isa = PBXGroup;
			children = (
				A631784A22C2176700EA8A73 /* Controller */,
			);
			path = SessionDetail;
			sourceTree = "<group>";
		};
		A631784A22C2176700EA8A73 /* Controller */ = {
			isa = PBXGroup;
			children = (
				A631784B22C2179400EA8A73 /* SessionDetailViewController.swift */,
			);
			path = Controller;
			sourceTree = "<group>";
		};
		A66C645722DC56FE006AE547 /* ThirdLib */ = {
			isa = PBXGroup;
			children = (
				A66C645822DC5931006AE547 /* YYImage */,
			);
			path = ThirdLib;
			sourceTree = "<group>";
		};
		A66C645822DC5931006AE547 /* YYImage */ = {
			isa = PBXGroup;
			children = (
				A66C645922DC5931006AE547 /* YYImage.h */,
				A66C645A22DC5931006AE547 /* YYImageCoder.h */,
				A66C645B22DC5931006AE547 /* YYFrameImage.h */,
				A66C645C22DC5931006AE547 /* YYSpriteSheetImage.m */,
				A66C645D22DC5931006AE547 /* YYAnimatedImageView.h */,
				A66C645E22DC5931006AE547 /* YYImage.m */,
				A66C645F22DC5931006AE547 /* YYImageCoder.m */,
				A66C646022DC5931006AE547 /* YYFrameImage.m */,
				A66C646122DC5931006AE547 /* YYAnimatedImageView.m */,
				A66C646222DC5931006AE547 /* YYSpriteSheetImage.h */,
			);
			path = YYImage;
			sourceTree = "<group>";
		};
		A66C646822DC5D1C006AE547 /* AtFriends */ = {
			isa = PBXGroup;
			children = (
				A66C646922DC5D55006AE547 /* Controller */,
			);
			path = AtFriends;
			sourceTree = "<group>";
		};
		A66C646922DC5D55006AE547 /* Controller */ = {
			isa = PBXGroup;
			children = (
				A66C646A22DC5D83006AE547 /* AtFriendsListViewController.swift */,
			);
			path = Controller;
			sourceTree = "<group>";
		};
		A67F190822B34C3D007D20D4 = {
			isa = PBXGroup;
			children = (
				A67F191322B34C3D007D20D4 /* GMChat */,
				A67F191222B34C3D007D20D4 /* Products */,
				9D97F019DD58EB0C35398FD5 /* Pods */,
				31BEE347C1984B1833D1B903 /* Frameworks */,
			);
			sourceTree = "<group>";
		};
		A67F191222B34C3D007D20D4 /* Products */ = {
			isa = PBXGroup;
			children = (
				A67F191122B34C3D007D20D4 /* GMChat.app */,
			);
			name = Products;
			sourceTree = "<group>";
		};
		A67F191322B34C3D007D20D4 /* GMChat */ = {
			isa = PBXGroup;
			children = (
				A67F192822B34D45007D20D4 /* Base */,
				A67F192722B34D28007D20D4 /* UI */,
				A67F192922B34D4B007D20D4 /* Utils */,
				A67F193522B35006007D20D4 /* Resource */,
				A67F192622B34C83007D20D4 /* Others */,
			);
			path = GMChat;
			sourceTree = "<group>";
		};
		A67F192622B34C83007D20D4 /* Others */ = {
			isa = PBXGroup;
			children = (
				A67F191622B34C3D007D20D4 /* ViewController.swift */,
				A67F191822B34C3E007D20D4 /* Main.storyboard */,
				A67F191D22B34C40007D20D4 /* LaunchScreen.storyboard */,
				A67F192022B34C40007D20D4 /* Info.plist */,
			);
			path = Others;
			sourceTree = "<group>";
		};
		A67F192722B34D28007D20D4 /* UI */ = {
			isa = PBXGroup;
			children = (
				A6983CFE22C49E360042B591 /* DataSource */,
				A62403F322C06DC800496D3A /* Login */,
				A67F193122B34FBA007D20D4 /* Session */,
				A67F193222B34FC1007D20D4 /* AddressBook */,
				A67F193322B34FE6007D20D4 /* Dynamic */,
				A67F193422B34FEF007D20D4 /* Mine */,
				A67F192E22B34DCC007D20D4 /* TabBar */,
			);
			path = UI;
			sourceTree = "<group>";
		};
		A67F192822B34D45007D20D4 /* Base */ = {
			isa = PBXGroup;
			children = (
				A67F191422B34C3D007D20D4 /* AppDelegate.swift */,
				A67F192A22B34D91007D20D4 /* BaseViewController.swift */,
				A67F192C22B34DB5007D20D4 /* BaseNavigationViewController.swift */,
			);
			path = Base;
			sourceTree = "<group>";
		};
		A67F192922B34D4B007D20D4 /* Utils */ = {
			isa = PBXGroup;
			children = (
				A66C645722DC56FE006AE547 /* ThirdLib */,
				A62403F622C06F2B00496D3A /* Network */,
				A683790422BA3608008DCD40 /* CommonUI */,
				A683790322BA35EC008DCD40 /* Protocol */,
				A6230FD022B73C1800A5DD95 /* CellModel */,
				A67F194F22B37DE1007D20D4 /* Extensions */,
				A67F194C22B377E2007D20D4 /* CommonDefine */,
			);
			path = Utils;
			sourceTree = "<group>";
		};
		A67F192E22B34DCC007D20D4 /* TabBar */ = {
			isa = PBXGroup;
			children = (
				A67F192F22B34E0F007D20D4 /* TabBarViewController.swift */,
			);
			path = TabBar;
			sourceTree = "<group>";
		};
		A67F193122B34FBA007D20D4 /* Session */ = {
			isa = PBXGroup;
			children = (
				A631784922C2174D00EA8A73 /* SessionDetail */,
				A67F193622B35510007D20D4 /* SessionList */,
			);
			path = Session;
			sourceTree = "<group>";
		};
		A67F193222B34FC1007D20D4 /* AddressBook */ = {
			isa = PBXGroup;
			children = (
				A67F193722B3555E007D20D4 /* BookList */,
			);
			path = AddressBook;
			sourceTree = "<group>";
		};
		A67F193322B34FE6007D20D4 /* Dynamic */ = {
			isa = PBXGroup;
			children = (
				A66C646822DC5D1C006AE547 /* AtFriends */,
				A6B0BCEA22CF56F700B9E52D /* PublishDynamic */,
				A67F193822B35568007D20D4 /* DynamicList */,
			);
			path = Dynamic;
			sourceTree = "<group>";
		};
		A67F193422B34FEF007D20D4 /* Mine */ = {
			isa = PBXGroup;
			children = (
				A67F193922B35576007D20D4 /* MineMain */,
			);
			path = Mine;
			sourceTree = "<group>";
		};
		A67F193522B35006007D20D4 /* Resource */ = {
			isa = PBXGroup;
			children = (
				A6EAE90A22D3196100B3BD8E /* EmoticonQQ.bundle */,
				A6230FD822B7606200A5DD95 /* AddressBookList.geojson */,
				A67F191B22B34C40007D20D4 /* Assets.xcassets */,
			);
			path = Resource;
			sourceTree = "<group>";
		};
		A67F193622B35510007D20D4 /* SessionList */ = {
			isa = PBXGroup;
			children = (
				A67F193A22B35582007D20D4 /* Controller */,
			);
			path = SessionList;
			sourceTree = "<group>";
		};
		A67F193722B3555E007D20D4 /* BookList */ = {
			isa = PBXGroup;
			children = (
				A68D381022BB210E00D317EE /* Service */,
				A6230FE222B78FF100A5DD95 /* View */,
				A6230FDE22B7793900A5DD95 /* Model */,
				A67F193B22B3558A007D20D4 /* Controller */,
			);
			path = BookList;
			sourceTree = "<group>";
		};
		A67F193822B35568007D20D4 /* DynamicList */ = {
			isa = PBXGroup;
			children = (
				A67F193C22B35590007D20D4 /* Controller */,
			);
			path = DynamicList;
			sourceTree = "<group>";
		};
		A67F193922B35576007D20D4 /* MineMain */ = {
			isa = PBXGroup;
			children = (
				A6983D0222C4A4AB0042B591 /* View */,
				A67F193D22B35596007D20D4 /* Controller */,
			);
			path = MineMain;
			sourceTree = "<group>";
		};
		A67F193A22B35582007D20D4 /* Controller */ = {
			isa = PBXGroup;
			children = (
				A67F194022B355E9007D20D4 /* SessionListViewController.swift */,
			);
			path = Controller;
			sourceTree = "<group>";
		};
		A67F193B22B3558A007D20D4 /* Controller */ = {
			isa = PBXGroup;
			children = (
				A67F194622B356AA007D20D4 /* BookListViewController.swift */,
			);
			path = Controller;
			sourceTree = "<group>";
		};
		A67F193C22B35590007D20D4 /* Controller */ = {
			isa = PBXGroup;
			children = (
				A67F194822B356C6007D20D4 /* DynamicListViewController.swift */,
			);
			path = Controller;
			sourceTree = "<group>";
		};
		A67F193D22B35596007D20D4 /* Controller */ = {
			isa = PBXGroup;
			children = (
				A67F194A22B356EA007D20D4 /* MineMainPageViewController.swift */,
			);
			path = Controller;
			sourceTree = "<group>";
		};
		A67F194C22B377E2007D20D4 /* CommonDefine */ = {
			isa = PBXGroup;
			children = (
				A62403F222C064A700496D3A /* GMChat-Bridging-Header.h */,
				A67F194D22B37842007D20D4 /* CommonDefine.swift */,
				A624040B22C0D31F00496D3A /* ThirdPartConfig.swift */,
				A631783922C1B7A700EA8A73 /* Tools.swift */,
			);
			path = CommonDefine;
			sourceTree = "<group>";
		};
		A67F194F22B37DE1007D20D4 /* Extensions */ = {
			isa = PBXGroup;
			children = (
				A67F195022B37DE1007D20D4 /* UIColor+Extensions.swift */,
				A67F195122B37DE1007D20D4 /* UIImage+Extensions.swift */,
				A67F195222B37DE1007D20D4 /* NSString+Extensions.swift */,
				A67F195622B38C87007D20D4 /* UIViewController+Extensions.swift */,
				A67F195822B38D99007D20D4 /* UIBarButtonItem+Extensions.swift */,
				A67F195A22B39786007D20D4 /* UIView+Extensions.swift */,
				A624040D22C0D55700496D3A /* Date+Extensions.swift */,
				A6983D0922C4B9B20042B591 /* UIImageView+Extensions.swift */,
			);
			path = Extensions;
			sourceTree = "<group>";
		};
		A683790322BA35EC008DCD40 /* Protocol */ = {
			isa = PBXGroup;
			children = (
				A6230FDC22B7791600A5DD95 /* ModelProtocol.swift */,
			);
			path = Protocol;
			sourceTree = "<group>";
		};
		A683790422BA3608008DCD40 /* CommonUI */ = {
			isa = PBXGroup;
			children = (
				A6B782AE22D4A23D007AD9BF /* EmojiKeyboard */,
				A631784622C20C6500EA8A73 /* PlaceHolderView */,
				A68D381422BB24C100D317EE /* SearchPage */,
				A68D381322BB247300D317EE /* SearchBar */,
			);
			path = CommonUI;
			sourceTree = "<group>";
		};
		A68D381022BB210E00D317EE /* Service */ = {
			isa = PBXGroup;
			children = (
				A68D381122BB213800D317EE /* BookListService.swift */,
			);
			path = Service;
			sourceTree = "<group>";
		};
		A68D381322BB247300D317EE /* SearchBar */ = {
			isa = PBXGroup;
			children = (
				A683790522BA3627008DCD40 /* SearchBar.swift */,
			);
			path = SearchBar;
			sourceTree = "<group>";
		};
		A68D381422BB24C100D317EE /* SearchPage */ = {
			isa = PBXGroup;
			children = (
				A69ABA7522C60D1100EA844C /* Model */,
				A68D381622BB256600D317EE /* View */,
				A68D381522BB255C00D317EE /* Controller */,
			);
			path = SearchPage;
			sourceTree = "<group>";
		};
		A68D381522BB255C00D317EE /* Controller */ = {
			isa = PBXGroup;
			children = (
				A683790722BA3B36008DCD40 /* SearchPageViewController.swift */,
			);
			path = Controller;
			sourceTree = "<group>";
		};
		A68D381622BB256600D317EE /* View */ = {
			isa = PBXGroup;
			children = (
				A68D381722BB25CF00D317EE /* SearchPageSearchBarView.swift */,
				A69ABA7222C606CE00EA844C /* SearchResultCell.swift */,
			);
			path = View;
			sourceTree = "<group>";
		};
		A6983CFE22C49E360042B591 /* DataSource */ = {
			isa = PBXGroup;
			children = (
				A6983CFF22C49E500042B591 /* RCIMData */,
				A631784022C1F09A00EA8A73 /* UserInfoData */,
				A631783B22C1BC0700EA8A73 /* Realm */,
			);
			path = DataSource;
			sourceTree = "<group>";
		};
		A6983CFF22C49E500042B591 /* RCIMData */ = {
			isa = PBXGroup;
			children = (
				A6983D0022C49E8F0042B591 /* RCIMDataSource.swift */,
			);
			path = RCIMData;
			sourceTree = "<group>";
		};
		A6983D0222C4A4AB0042B591 /* View */ = {
			isa = PBXGroup;
			children = (
				A6983D0722C4B4590042B591 /* MineMainPageUserInfoView.swift */,
				A6983D0322C4A85A0042B591 /* MineMainPageNormalCell.swift */,
			);
			path = View;
			sourceTree = "<group>";
		};
		A69ABA7522C60D1100EA844C /* Model */ = {
			isa = PBXGroup;
			children = (
				A69ABA7622C60D2D00EA844C /* SearchResultModel.swift */,
			);
			path = Model;
			sourceTree = "<group>";
		};
		A6B0BCEA22CF56F700B9E52D /* PublishDynamic */ = {
			isa = PBXGroup;
			children = (
				A6EAE90E22D31A1C00B3BD8E /* Video */,
				A6EAE90D22D31A1300B3BD8E /* Dynamic */,
			);
			path = PublishDynamic;
			sourceTree = "<group>";
		};
		A6B0BCEB22CF570200B9E52D /* Controller */ = {
			isa = PBXGroup;
			children = (
				A6B0BCEC22CF571200B9E52D /* PublishDynamicViewController.swift */,
			);
			path = Controller;
			sourceTree = "<group>";
		};
		A6B782AE22D4A23D007AD9BF /* EmojiKeyboard */ = {
			isa = PBXGroup;
			children = (
				A6B782AF22D4A258007AD9BF /* EmojiKeyboardView.swift */,
				A6860FD722D856C7007F57D5 /* EmojiKeyboardCell.swift */,
				A62FA82622DC30E200BDA3A2 /* EmojiKeyboardParser.swift */,
			);
			path = EmojiKeyboard;
			sourceTree = "<group>";
		};
		A6EAE90C22D3199A00B3BD8E /* View */ = {
			isa = PBXGroup;
			children = (
				A6EAE91122D31A7900B3BD8E /* PublishDynamicToolBar.swift */,
			);
			path = View;
			sourceTree = "<group>";
		};
		A6EAE90D22D31A1300B3BD8E /* Dynamic */ = {
			isa = PBXGroup;
			children = (
				A6B0BCEB22CF570200B9E52D /* Controller */,
				A6EAE90C22D3199A00B3BD8E /* View */,
			);
			path = Dynamic;
			sourceTree = "<group>";
		};
		A6EAE90E22D31A1C00B3BD8E /* Video */ = {
			isa = PBXGroup;
			children = (
				A6EAE91022D31A3600B3BD8E /* View */,
				A6EAE90F22D31A2D00B3BD8E /* Controller */,
			);
			path = Video;
			sourceTree = "<group>";
		};
		A6EAE90F22D31A2D00B3BD8E /* Controller */ = {
			isa = PBXGroup;
			children = (
			);
			path = Controller;
			sourceTree = "<group>";
		};
		A6EAE91022D31A3600B3BD8E /* View */ = {
			isa = PBXGroup;
			children = (
			);
			path = View;
			sourceTree = "<group>";
		};
/* End PBXGroup section */

/* Begin PBXNativeTarget section */
		A67F191022B34C3D007D20D4 /* GMChat */ = {
			isa = PBXNativeTarget;
			buildConfigurationList = A67F192322B34C40007D20D4 /* Build configuration list for PBXNativeTarget "GMChat" */;
			buildPhases = (
				7D8C825B8C41510082B18496 /* [CP] Check Pods Manifest.lock */,
				A67F190D22B34C3D007D20D4 /* Sources */,
				A67F190E22B34C3D007D20D4 /* Frameworks */,
				A67F190F22B34C3D007D20D4 /* Resources */,
				76B836A10042A3ACA3414E15 /* [CP] Embed Pods Frameworks */,
				021EFF80948115F5A4F0EB11 /* [CP] Copy Pods Resources */,
			);
			buildRules = (
			);
			dependencies = (
			);
			name = GMChat;
			productName = GMChat;
			productReference = A67F191122B34C3D007D20D4 /* GMChat.app */;
			productType = "com.apple.product-type.application";
		};
/* End PBXNativeTarget section */

/* Begin PBXProject section */
		A67F190922B34C3D007D20D4 /* Project object */ = {
			isa = PBXProject;
			attributes = {
				LastSwiftUpdateCheck = 1020;
				LastUpgradeCheck = 1020;
				ORGANIZATIONNAME = GXT;
				TargetAttributes = {
					A67F191022B34C3D007D20D4 = {
						CreatedOnToolsVersion = 10.2;
						LastSwiftMigration = 1020;
					};
				};
			};
			buildConfigurationList = A67F190C22B34C3D007D20D4 /* Build configuration list for PBXProject "GMChat" */;
			compatibilityVersion = "Xcode 9.3";
			developmentRegion = en;
			hasScannedForEncodings = 0;
			knownRegions = (
				en,
				Base,
			);
			mainGroup = A67F190822B34C3D007D20D4;
			productRefGroup = A67F191222B34C3D007D20D4 /* Products */;
			projectDirPath = "";
			projectRoot = "";
			targets = (
				A67F191022B34C3D007D20D4 /* GMChat */,
			);
		};
/* End PBXProject section */

/* Begin PBXResourcesBuildPhase section */
		A67F190F22B34C3D007D20D4 /* Resources */ = {
			isa = PBXResourcesBuildPhase;
			buildActionMask = 2147483647;
			files = (
				A67F191F22B34C40007D20D4 /* LaunchScreen.storyboard in Resources */,
				A67F191C22B34C40007D20D4 /* Assets.xcassets in Resources */,
				A67F191A22B34C3E007D20D4 /* Main.storyboard in Resources */,
				A6EAE90B22D3196100B3BD8E /* EmoticonQQ.bundle in Resources */,
				A6230FD922B7606200A5DD95 /* AddressBookList.geojson in Resources */,
			);
			runOnlyForDeploymentPostprocessing = 0;
		};
/* End PBXResourcesBuildPhase section */

/* Begin PBXShellScriptBuildPhase section */
		021EFF80948115F5A4F0EB11 /* [CP] Copy Pods Resources */ = {
			isa = PBXShellScriptBuildPhase;
			buildActionMask = 2147483647;
			files = (
			);
			inputPaths = (
				"${SRCROOT}/Pods/Target Support Files/Pods-GMChat/Pods-GMChat-resources.sh",
				"${PODS_ROOT}/RongCloudIM/RongCloudIM/RongCloud.bundle",
				"${PODS_ROOT}/RongCloudIM/RongCloudIM/en.lproj",
				"${PODS_ROOT}/RongCloudIM/RongCloudIM/zh-Hans.lproj",
				"${PODS_ROOT}/RongCloudIM/RongCloudIM/Emoji.plist",
				"${PODS_ROOT}/RongCloudIM/RongCloudIM/RCColor.plist",
				"${PODS_ROOT}/RongCloudIM/RongCloudIM/RCConfig.plist",
			);
			name = "[CP] Copy Pods Resources";
			outputPaths = (
				"${TARGET_BUILD_DIR}/${UNLOCALIZED_RESOURCES_FOLDER_PATH}/RongCloud.bundle",
				"${TARGET_BUILD_DIR}/${UNLOCALIZED_RESOURCES_FOLDER_PATH}/en.lproj",
				"${TARGET_BUILD_DIR}/${UNLOCALIZED_RESOURCES_FOLDER_PATH}/zh-Hans.lproj",
				"${TARGET_BUILD_DIR}/${UNLOCALIZED_RESOURCES_FOLDER_PATH}/Emoji.plist",
				"${TARGET_BUILD_DIR}/${UNLOCALIZED_RESOURCES_FOLDER_PATH}/RCColor.plist",
				"${TARGET_BUILD_DIR}/${UNLOCALIZED_RESOURCES_FOLDER_PATH}/RCConfig.plist",
			);
			runOnlyForDeploymentPostprocessing = 0;
			shellPath = /bin/sh;
			shellScript = "\"${SRCROOT}/Pods/Target Support Files/Pods-GMChat/Pods-GMChat-resources.sh\"\n";
			showEnvVarsInLog = 0;
		};
		76B836A10042A3ACA3414E15 /* [CP] Embed Pods Frameworks */ = {
			isa = PBXShellScriptBuildPhase;
			buildActionMask = 2147483647;
			files = (
			);
			inputPaths = (
				"${SRCROOT}/Pods/Target Support Files/Pods-GMChat/Pods-GMChat-frameworks.sh",
				"${BUILT_PRODUCTS_DIR}/Alamofire/Alamofire.framework",
				"${BUILT_PRODUCTS_DIR}/Kingfisher/Kingfisher.framework",
				"${BUILT_PRODUCTS_DIR}/Moya/Moya.framework",
				"${BUILT_PRODUCTS_DIR}/ObjectMapper/ObjectMapper.framework",
				"${BUILT_PRODUCTS_DIR}/Realm/Realm.framework",
				"${BUILT_PRODUCTS_DIR}/RealmSwift/RealmSwift.framework",
				"${BUILT_PRODUCTS_DIR}/Result/Result.framework",
				"${BUILT_PRODUCTS_DIR}/SnapKit/SnapKit.framework",
				"${BUILT_PRODUCTS_DIR}/SwiftProgressHUD/SwiftProgressHUD.framework",
				"${BUILT_PRODUCTS_DIR}/SwiftyJSON/SwiftyJSON.framework",
				"${BUILT_PRODUCTS_DIR}/YYCategories/YYCategories.framework",
				"${BUILT_PRODUCTS_DIR}/YYText/YYText.framework",
			);
			name = "[CP] Embed Pods Frameworks";
			outputPaths = (
				"${TARGET_BUILD_DIR}/${FRAMEWORKS_FOLDER_PATH}/Alamofire.framework",
				"${TARGET_BUILD_DIR}/${FRAMEWORKS_FOLDER_PATH}/Kingfisher.framework",
				"${TARGET_BUILD_DIR}/${FRAMEWORKS_FOLDER_PATH}/Moya.framework",
				"${TARGET_BUILD_DIR}/${FRAMEWORKS_FOLDER_PATH}/ObjectMapper.framework",
				"${TARGET_BUILD_DIR}/${FRAMEWORKS_FOLDER_PATH}/Realm.framework",
				"${TARGET_BUILD_DIR}/${FRAMEWORKS_FOLDER_PATH}/RealmSwift.framework",
				"${TARGET_BUILD_DIR}/${FRAMEWORKS_FOLDER_PATH}/Result.framework",
				"${TARGET_BUILD_DIR}/${FRAMEWORKS_FOLDER_PATH}/SnapKit.framework",
				"${TARGET_BUILD_DIR}/${FRAMEWORKS_FOLDER_PATH}/SwiftProgressHUD.framework",
				"${TARGET_BUILD_DIR}/${FRAMEWORKS_FOLDER_PATH}/SwiftyJSON.framework",
				"${TARGET_BUILD_DIR}/${FRAMEWORKS_FOLDER_PATH}/YYCategories.framework",
				"${TARGET_BUILD_DIR}/${FRAMEWORKS_FOLDER_PATH}/YYText.framework",
			);
			runOnlyForDeploymentPostprocessing = 0;
			shellPath = /bin/sh;
			shellScript = "\"${SRCROOT}/Pods/Target Support Files/Pods-GMChat/Pods-GMChat-frameworks.sh\"\n";
			showEnvVarsInLog = 0;
		};
		7D8C825B8C41510082B18496 /* [CP] Check Pods Manifest.lock */ = {
			isa = PBXShellScriptBuildPhase;
			buildActionMask = 2147483647;
			files = (
			);
			inputPaths = (
				"${PODS_PODFILE_DIR_PATH}/Podfile.lock",
				"${PODS_ROOT}/Manifest.lock",
			);
			name = "[CP] Check Pods Manifest.lock";
			outputPaths = (
				"$(DERIVED_FILE_DIR)/Pods-GMChat-checkManifestLockResult.txt",
			);
			runOnlyForDeploymentPostprocessing = 0;
			shellPath = /bin/sh;
			shellScript = "diff \"${PODS_PODFILE_DIR_PATH}/Podfile.lock\" \"${PODS_ROOT}/Manifest.lock\" > /dev/null\nif [ $? != 0 ] ; then\n    # print error to STDERR\n    echo \"error: The sandbox is not in sync with the Podfile.lock. Run 'pod install' or update your CocoaPods installation.\" >&2\n    exit 1\nfi\n# This output is used by Xcode 'outputs' to avoid re-running this script phase.\necho \"SUCCESS\" > \"${SCRIPT_OUTPUT_FILE_0}\"\n";
			showEnvVarsInLog = 0;
		};
/* End PBXShellScriptBuildPhase section */

/* Begin PBXSourcesBuildPhase section */
		A67F190D22B34C3D007D20D4 /* Sources */ = {
			isa = PBXSourcesBuildPhase;
			buildActionMask = 2147483647;
			files = (
				A631784222C1F0D000EA8A73 /* UserInfo.swift in Sources */,
				A67F191722B34C3D007D20D4 /* ViewController.swift in Sources */,
				A6B782B022D4A258007AD9BF /* EmojiKeyboardView.swift in Sources */,
				A66C646722DC5931006AE547 /* YYAnimatedImageView.m in Sources */,
				A67F191522B34C3D007D20D4 /* AppDelegate.swift in Sources */,
				A6EAE91222D31A7900B3BD8E /* PublishDynamicToolBar.swift in Sources */,
				A67F194B22B356EA007D20D4 /* MineMainPageViewController.swift in Sources */,
				A67F195922B38D99007D20D4 /* UIBarButtonItem+Extensions.swift in Sources */,
				A68E9B6922B8EC470029F547 /* BookListHeaderView.swift in Sources */,
				A631784822C20CAC00EA8A73 /* PlaceHolderView.swift in Sources */,
				A67F195422B37DE1007D20D4 /* UIImage+Extensions.swift in Sources */,
				A67F194E22B37842007D20D4 /* CommonDefine.swift in Sources */,
				A6230FD322B73C2C00A5DD95 /* RowModel.swift in Sources */,
				A631784522C1FBA600EA8A73 /* UserInfoModel.swift in Sources */,
				A631783722C1B51F00EA8A73 /* LoginViewController.swift in Sources */,
				A69ABA7322C606CE00EA844C /* SearchResultCell.swift in Sources */,
				A6860FD822D856C7007F57D5 /* EmojiKeyboardCell.swift in Sources */,
				A67F195B22B39786007D20D4 /* UIView+Extensions.swift in Sources */,
				A6B0BCED22CF571200B9E52D /* PublishDynamicViewController.swift in Sources */,
				A631783822C1B52000EA8A73 /* LoginViewController+Extension.swift in Sources */,
				A67F194922B356C6007D20D4 /* DynamicListViewController.swift in Sources */,
				A67F192B22B34D91007D20D4 /* BaseViewController.swift in Sources */,
				A68D381222BB213800D317EE /* BookListService.swift in Sources */,
				A6230FDD22B7791600A5DD95 /* ModelProtocol.swift in Sources */,
				A66C646422DC5931006AE547 /* YYImage.m in Sources */,
				A631783A22C1B7A700EA8A73 /* Tools.swift in Sources */,
				A66C646622DC5931006AE547 /* YYFrameImage.m in Sources */,
				A67F193022B34E0F007D20D4 /* TabBarViewController.swift in Sources */,
				A6230FE422B7900A00A5DD95 /* BookListCell.swift in Sources */,
				A62FA82722DC30E200BDA3A2 /* EmojiKeyboardParser.swift in Sources */,
				A6230FD422B73C2C00A5DD95 /* SectionModel.swift in Sources */,
				A624040622C0CE2A00496D3A /* LoginProvider.swift in Sources */,
				A6983D0122C49E8F0042B591 /* RCIMDataSource.swift in Sources */,
				A67F192D22B34DB5007D20D4 /* BaseNavigationViewController.swift in Sources */,
				A68D381822BB25CF00D317EE /* SearchPageSearchBarView.swift in Sources */,
				A66D6F7A22BCA9EF006F5B2C /* BookListIndexView.swift in Sources */,
				A683790622BA3627008DCD40 /* SearchBar.swift in Sources */,
				A62403FA22C06F5D00496D3A /* Interface.swift in Sources */,
				A631783D22C1BCC500EA8A73 /* UserInfoRealm.swift in Sources */,
				A6983D0A22C4B9B20042B591 /* UIImageView+Extensions.swift in Sources */,
				A6983D0822C4B4590042B591 /* MineMainPageUserInfoView.swift in Sources */,
				A67F195322B37DE1007D20D4 /* UIColor+Extensions.swift in Sources */,
				A624040E22C0D55700496D3A /* Date+Extensions.swift in Sources */,
				A624040A22C0D1F100496D3A /* Provider+Config.swift in Sources */,
				A624040C22C0D31F00496D3A /* ThirdPartConfig.swift in Sources */,
				A6983D0422C4A85A0042B591 /* MineMainPageNormalCell.swift in Sources */,
				A66C646322DC5931006AE547 /* YYSpriteSheetImage.m in Sources */,
				A67F195722B38C87007D20D4 /* UIViewController+Extensions.swift in Sources */,
				A67F194122B355E9007D20D4 /* SessionListViewController.swift in Sources */,
				A67F195522B37DE1007D20D4 /* NSString+Extensions.swift in Sources */,
				A6230FE022B7797400A5DD95 /* BookListModel.swift in Sources */,
				A69ABA7722C60D2D00EA844C /* SearchResultModel.swift in Sources */,
				A683790822BA3B36008DCD40 /* SearchPageViewController.swift in Sources */,
				A62403F822C06F4C00496D3A /* Network.swift in Sources */,
				A67F194722B356AA007D20D4 /* BookListViewController.swift in Sources */,
				A631784C22C2179400EA8A73 /* SessionDetailViewController.swift in Sources */,
				A66C646522DC5931006AE547 /* YYImageCoder.m in Sources */,
				A66C646B22DC5D83006AE547 /* AtFriendsListViewController.swift in Sources */,
			);
			runOnlyForDeploymentPostprocessing = 0;
		};
/* End PBXSourcesBuildPhase section */

/* Begin PBXVariantGroup section */
		A67F191822B34C3E007D20D4 /* Main.storyboard */ = {
			isa = PBXVariantGroup;
			children = (
				A67F191922B34C3E007D20D4 /* Base */,
			);
			name = Main.storyboard;
			sourceTree = "<group>";
		};
		A67F191D22B34C40007D20D4 /* LaunchScreen.storyboard */ = {
			isa = PBXVariantGroup;
			children = (
				A67F191E22B34C40007D20D4 /* Base */,
			);
			name = LaunchScreen.storyboard;
			sourceTree = "<group>";
		};
/* End PBXVariantGroup section */

/* Begin XCBuildConfiguration section */
		A67F192122B34C40007D20D4 /* Debug */ = {
			isa = XCBuildConfiguration;
			buildSettings = {
				ALWAYS_SEARCH_USER_PATHS = NO;
				CLANG_ANALYZER_NONNULL = YES;
				CLANG_ANALYZER_NUMBER_OBJECT_CONVERSION = YES_AGGRESSIVE;
				CLANG_CXX_LANGUAGE_STANDARD = "gnu++14";
				CLANG_CXX_LIBRARY = "libc++";
				CLANG_ENABLE_MODULES = YES;
				CLANG_ENABLE_OBJC_ARC = YES;
				CLANG_ENABLE_OBJC_WEAK = YES;
				CLANG_WARN_BLOCK_CAPTURE_AUTORELEASING = YES;
				CLANG_WARN_BOOL_CONVERSION = YES;
				CLANG_WARN_COMMA = YES;
				CLANG_WARN_CONSTANT_CONVERSION = YES;
				CLANG_WARN_DEPRECATED_OBJC_IMPLEMENTATIONS = YES;
				CLANG_WARN_DIRECT_OBJC_ISA_USAGE = YES_ERROR;
				CLANG_WARN_DOCUMENTATION_COMMENTS = YES;
				CLANG_WARN_EMPTY_BODY = YES;
				CLANG_WARN_ENUM_CONVERSION = YES;
				CLANG_WARN_INFINITE_RECURSION = YES;
				CLANG_WARN_INT_CONVERSION = YES;
				CLANG_WARN_NON_LITERAL_NULL_CONVERSION = YES;
				CLANG_WARN_OBJC_IMPLICIT_RETAIN_SELF = YES;
				CLANG_WARN_OBJC_LITERAL_CONVERSION = YES;
				CLANG_WARN_OBJC_ROOT_CLASS = YES_ERROR;
				CLANG_WARN_RANGE_LOOP_ANALYSIS = YES;
				CLANG_WARN_STRICT_PROTOTYPES = YES;
				CLANG_WARN_SUSPICIOUS_MOVE = YES;
				CLANG_WARN_UNGUARDED_AVAILABILITY = YES_AGGRESSIVE;
				CLANG_WARN_UNREACHABLE_CODE = YES;
				CLANG_WARN__DUPLICATE_METHOD_MATCH = YES;
				CODE_SIGN_IDENTITY = "iPhone Developer";
				COPY_PHASE_STRIP = NO;
				DEBUG_INFORMATION_FORMAT = dwarf;
				ENABLE_STRICT_OBJC_MSGSEND = YES;
				ENABLE_TESTABILITY = YES;
				GCC_C_LANGUAGE_STANDARD = gnu11;
				GCC_DYNAMIC_NO_PIC = NO;
				GCC_NO_COMMON_BLOCKS = YES;
				GCC_OPTIMIZATION_LEVEL = 0;
				GCC_PREPROCESSOR_DEFINITIONS = (
					"DEBUG=1",
					"$(inherited)",
				);
				GCC_WARN_64_TO_32_BIT_CONVERSION = YES;
				GCC_WARN_ABOUT_RETURN_TYPE = YES_ERROR;
				GCC_WARN_UNDECLARED_SELECTOR = YES;
				GCC_WARN_UNINITIALIZED_AUTOS = YES_AGGRESSIVE;
				GCC_WARN_UNUSED_FUNCTION = YES;
				GCC_WARN_UNUSED_VARIABLE = YES;
				IPHONEOS_DEPLOYMENT_TARGET = 12.2;
				MTL_ENABLE_DEBUG_INFO = INCLUDE_SOURCE;
				MTL_FAST_MATH = YES;
				ONLY_ACTIVE_ARCH = YES;
				SDKROOT = iphoneos;
				SWIFT_ACTIVE_COMPILATION_CONDITIONS = DEBUG;
				SWIFT_OPTIMIZATION_LEVEL = "-Onone";
			};
			name = Debug;
		};
		A67F192222B34C40007D20D4 /* Release */ = {
			isa = XCBuildConfiguration;
			buildSettings = {
				ALWAYS_SEARCH_USER_PATHS = NO;
				CLANG_ANALYZER_NONNULL = YES;
				CLANG_ANALYZER_NUMBER_OBJECT_CONVERSION = YES_AGGRESSIVE;
				CLANG_CXX_LANGUAGE_STANDARD = "gnu++14";
				CLANG_CXX_LIBRARY = "libc++";
				CLANG_ENABLE_MODULES = YES;
				CLANG_ENABLE_OBJC_ARC = YES;
				CLANG_ENABLE_OBJC_WEAK = YES;
				CLANG_WARN_BLOCK_CAPTURE_AUTORELEASING = YES;
				CLANG_WARN_BOOL_CONVERSION = YES;
				CLANG_WARN_COMMA = YES;
				CLANG_WARN_CONSTANT_CONVERSION = YES;
				CLANG_WARN_DEPRECATED_OBJC_IMPLEMENTATIONS = YES;
				CLANG_WARN_DIRECT_OBJC_ISA_USAGE = YES_ERROR;
				CLANG_WARN_DOCUMENTATION_COMMENTS = YES;
				CLANG_WARN_EMPTY_BODY = YES;
				CLANG_WARN_ENUM_CONVERSION = YES;
				CLANG_WARN_INFINITE_RECURSION = YES;
				CLANG_WARN_INT_CONVERSION = YES;
				CLANG_WARN_NON_LITERAL_NULL_CONVERSION = YES;
				CLANG_WARN_OBJC_IMPLICIT_RETAIN_SELF = YES;
				CLANG_WARN_OBJC_LITERAL_CONVERSION = YES;
				CLANG_WARN_OBJC_ROOT_CLASS = YES_ERROR;
				CLANG_WARN_RANGE_LOOP_ANALYSIS = YES;
				CLANG_WARN_STRICT_PROTOTYPES = YES;
				CLANG_WARN_SUSPICIOUS_MOVE = YES;
				CLANG_WARN_UNGUARDED_AVAILABILITY = YES_AGGRESSIVE;
				CLANG_WARN_UNREACHABLE_CODE = YES;
				CLANG_WARN__DUPLICATE_METHOD_MATCH = YES;
				CODE_SIGN_IDENTITY = "iPhone Developer";
				COPY_PHASE_STRIP = NO;
				DEBUG_INFORMATION_FORMAT = "dwarf-with-dsym";
				ENABLE_NS_ASSERTIONS = NO;
				ENABLE_STRICT_OBJC_MSGSEND = YES;
				GCC_C_LANGUAGE_STANDARD = gnu11;
				GCC_NO_COMMON_BLOCKS = YES;
				GCC_WARN_64_TO_32_BIT_CONVERSION = YES;
				GCC_WARN_ABOUT_RETURN_TYPE = YES_ERROR;
				GCC_WARN_UNDECLARED_SELECTOR = YES;
				GCC_WARN_UNINITIALIZED_AUTOS = YES_AGGRESSIVE;
				GCC_WARN_UNUSED_FUNCTION = YES;
				GCC_WARN_UNUSED_VARIABLE = YES;
				IPHONEOS_DEPLOYMENT_TARGET = 12.2;
				MTL_ENABLE_DEBUG_INFO = NO;
				MTL_FAST_MATH = YES;
				SDKROOT = iphoneos;
				SWIFT_COMPILATION_MODE = wholemodule;
				SWIFT_OPTIMIZATION_LEVEL = "-O";
				VALIDATE_PRODUCT = YES;
			};
			name = Release;
		};
		A67F192422B34C40007D20D4 /* Debug */ = {
			isa = XCBuildConfiguration;
			baseConfigurationReference = CC9C0806FEC8FCF867EC6B38 /* Pods-GMChat.debug.xcconfig */;
			buildSettings = {
				ASSETCATALOG_COMPILER_APPICON_NAME = AppIcon;
				ASSETCATALOG_COMPILER_LAUNCHIMAGE_NAME = LaunchImage;
				CLANG_ENABLE_MODULES = YES;
				CODE_SIGN_STYLE = Automatic;
				DEVELOPMENT_TEAM = T7468JS9L8;
				INFOPLIST_FILE = "$(SRCROOT)/GMChat/Others/Info.plist";
				IPHONEOS_DEPLOYMENT_TARGET = 9.0;
				LD_RUNPATH_SEARCH_PATHS = (
					"$(inherited)",
					"@executable_path/Frameworks",
				);
				PRODUCT_BUNDLE_IDENTIFIER = com.getuipushtest.demo;
				PRODUCT_NAME = "$(TARGET_NAME)";
				SWIFT_OBJC_BRIDGING_HEADER = "GMChat/Utils/CommonDefine/GMChat-Bridging-Header.h";
				SWIFT_OPTIMIZATION_LEVEL = "-Onone";
				SWIFT_VERSION = 5.0;
				TARGETED_DEVICE_FAMILY = 1;
			};
			name = Debug;
		};
		A67F192522B34C40007D20D4 /* Release */ = {
			isa = XCBuildConfiguration;
			baseConfigurationReference = F98D7EA5716AE7B126DB5379 /* Pods-GMChat.release.xcconfig */;
			buildSettings = {
				ASSETCATALOG_COMPILER_APPICON_NAME = AppIcon;
				ASSETCATALOG_COMPILER_LAUNCHIMAGE_NAME = LaunchImage;
				CLANG_ENABLE_MODULES = YES;
				CODE_SIGN_STYLE = Automatic;
				DEVELOPMENT_TEAM = T7468JS9L8;
				INFOPLIST_FILE = "$(SRCROOT)/GMChat/Others/Info.plist";
				IPHONEOS_DEPLOYMENT_TARGET = 9.0;
				LD_RUNPATH_SEARCH_PATHS = (
					"$(inherited)",
					"@executable_path/Frameworks",
				);
				PRODUCT_BUNDLE_IDENTIFIER = com.getuipushtest.demo;
				PRODUCT_NAME = "$(TARGET_NAME)";
				SWIFT_OBJC_BRIDGING_HEADER = "GMChat/Utils/CommonDefine/GMChat-Bridging-Header.h";
				SWIFT_VERSION = 5.0;
				TARGETED_DEVICE_FAMILY = 1;
			};
			name = Release;
		};
/* End XCBuildConfiguration section */

/* Begin XCConfigurationList section */
		A67F190C22B34C3D007D20D4 /* Build configuration list for PBXProject "GMChat" */ = {
			isa = XCConfigurationList;
			buildConfigurations = (
				A67F192122B34C40007D20D4 /* Debug */,
				A67F192222B34C40007D20D4 /* Release */,
			);
			defaultConfigurationIsVisible = 0;
			defaultConfigurationName = Release;
		};
		A67F192322B34C40007D20D4 /* Build configuration list for PBXNativeTarget "GMChat" */ = {
			isa = XCConfigurationList;
			buildConfigurations = (
				A67F192422B34C40007D20D4 /* Debug */,
				A67F192522B34C40007D20D4 /* Release */,
			);
			defaultConfigurationIsVisible = 0;
			defaultConfigurationName = Release;
		};
/* End XCConfigurationList section */
	};
	rootObject = A67F190922B34C3D007D20D4 /* Project object */;
}
